github.com/0x6flab/namegenerator v1.4.0 h1:QnkI813SZsI/hYnKD9pg3mkIlcYzCx0N4hnzb0YYME4=
github.com/0x6flab/namegenerator v1.4.0/go.mod h1:2sQzXuS6dX/KEwWtB6GJU729O3m4gBdD5oAU8hd0SyY=
golang.org/x/net v0.35.0 h1:T5GQRQb2y08kTAByq9L4/bz8cipCdA8FbRTXewonqY8=
golang.org/x/net v0.35.0/go.mod h1:EglIi67kWsHKlRzzVMUD93VMSWGFOMSZgxFjparz1Qk=
